
Microsoft Visual Studio Solution File, Format Version 12.00
# Visual Studio 2012
Project("{8BC9CEB8-8B4A-11D0-8D11-00A0C91BC942}") = "suibiankan", "suibiankan\suibiankan.vcxproj", "{4181EF1A-7133-4195-98C3-3FB2E2891D82}"
EndProject
Global
	GlobalSection(SolutionConfigurationPlatforms) = preSolution
		Debug|Win32 = Debug|Win32
		Release|Win32 = Release|Win32
	EndGlobalSection
	GlobalSection(ProjectConfigurationPlatforms) = postSolution
		{4181EF1A-7133-4195-98C3-3FB2E2891D82}.Debug|Win32.ActiveCfg = Debug|Win32
		{4181EF1A-7133-4195-98C3-3FB2E2891D82}.Debug|Win32.Build.0 = Debug|Win32
		{4181EF1A-7133-4195-98C3-3FB2E2891D82}.Release|Win32.ActiveCfg = Release|Win32
		{4181EF1A-7133-4195-98C3-3FB2E2891D82}.Release|Win32.Build.0 = Release|Win32
	EndGlobalSection
	GlobalSection(SolutionProperties) = preSolution
		HideSolutionNode = FALSE
	EndGlobalSection
	GlobalSection(Performance) = preSolution
		HasPerformanceSessions = true
	EndGlobalSection
EndGlobal
